
Microsoft Visual Studio Solution File, Format Version 12.00
# Visual Studio Version 17
VisualStudioVersion = 17.10.35027.167
MinimumVisualStudioVersion = 10.0.40219.1
Project("{9A19103F-16F7-4668-BE54-9A1E7A4F7556}") = "ONielCms", "ONielCms.csproj", "{6AE32594-37DB-4BAF-A470-D1FE4F032F2F}"
EndProject
Project("{FAE04EC0-301F-11D3-BF4B-00C04F79EFBC}") = "ONielCommon", "..\ONielCommon\ONielCommon.csproj", "{64D1F698-E117-4251-AFC7-2D621734066C}"
EndProject
Global
	GlobalSection(SolutionConfigurationPlatforms) = preSolution
		Debug|Any CPU = Debug|Any CPU
		Release|Any CPU = Release|Any CPU
	EndGlobalSection
	GlobalSection(ProjectConfigurationPlatforms) = postSolution
		{6AE32594-37DB-4BAF-A470-D1FE4F032F2F}.Debug|Any CPU.ActiveCfg = Debug|Any CPU
		{6AE32594-37DB-4BAF-A470-D1FE4F032F2F}.Debug|Any CPU.Build.0 = Debug|Any CPU
		{6AE32594-37DB-4BAF-A470-D1FE4F032F2F}.Release|Any CPU.ActiveCfg = Release|Any CPU
		{6AE32594-37DB-4BAF-A470-D1FE4F032F2F}.Release|Any CPU.Build.0 = Release|Any CPU
		{64D1F698-E117-4251-AFC7-2D621734066C}.Debug|Any CPU.ActiveCfg = Debug|Any CPU
		{64D1F698-E117-4251-AFC7-2D621734066C}.Debug|Any CPU.Build.0 = Debug|Any CPU
		{64D1F698-E117-4251-AFC7-2D621734066C}.Release|Any CPU.ActiveCfg = Release|Any CPU
		{64D1F698-E117-4251-AFC7-2D621734066C}.Release|Any CPU.Build.0 = Release|Any CPU
	EndGlobalSection
	GlobalSection(SolutionProperties) = preSolution
		HideSolutionNode = FALSE
	EndGlobalSection
	GlobalSection(ExtensibilityGlobals) = postSolution
		SolutionGuid = {8FDA7C29-0D79-48CE-9A45-A785DBBCA8CD}
	EndGlobalSection
EndGlobal
